// !$*UTF8*$!
{
	archiveVersion = 1;
	classes = {
	};
	objectVersion = 55;
	objects = {

/* Begin PBXBuildFile section */
		16639C3127A732BD00EDECD2 /* AppDelegate.swift in Sources */ = {isa = PBXBuildFile; fileRef = 16639C3027A732BD00EDECD2 /* AppDelegate.swift */; };
		16639C3327A732BD00EDECD2 /* SceneDelegate.swift in Sources */ = {isa = PBXBuildFile; fileRef = 16639C3227A732BD00EDECD2 /* SceneDelegate.swift */; };
		16639C3527A732BD00EDECD2 /* ViewController.swift in Sources */ = {isa = PBXBuildFile; fileRef = 16639C3427A732BD00EDECD2 /* ViewController.swift */; };
		16639C3827A732BD00EDECD2 /* Main.storyboard in Resources */ = {isa = PBXBuildFile; fileRef = 16639C3627A732BD00EDECD2 /* Main.storyboard */; };
		16639C3A27A732BE00EDECD2 /* Assets.xcassets in Resources */ = {isa = PBXBuildFile; fileRef = 16639C3927A732BE00EDECD2 /* Assets.xcassets */; };
		16639C3D27A732BE00EDECD2 /* LaunchScreen.storyboard in Resources */ = {isa = PBXBuildFile; fileRef = 16639C3B27A732BE00EDECD2 /* LaunchScreen.storyboard */; };
		16639C4827A732BE00EDECD2 /* codepath_preworkTests.swift in Sources */ = {isa = PBXBuildFile; fileRef = 16639C4727A732BE00EDECD2 /* codepath_preworkTests.swift */; };
		16639C5227A732BE00EDECD2 /* codepath_preworkUITests.swift in Sources */ = {isa = PBXBuildFile; fileRef = 16639C5127A732BE00EDECD2 /* codepath_preworkUITests.swift */; };
		16639C5427A732BE00EDECD2 /* codepath_preworkUITestsLaunchTests.swift in Sources */ = {isa = PBXBuildFile; fileRef = 16639C5327A732BE00EDECD2 /* codepath_preworkUITestsLaunchTests.swift */; };
/* End PBXBuildFile section */

/* Begin PBXContainerItemProxy section */
		16639C4427A732BE00EDECD2 /* PBXContainerItemProxy */ = {
			isa = PBXContainerItemProxy;
			containerPortal = 16639C2527A732BD00EDECD2 /* Project object */;
			proxyType = 1;
			remoteGlobalIDString = 16639C2C27A732BD00EDECD2;
			remoteInfo = "codepath prework";
		};
		16639C4E27A732BE00EDECD2 /* PBXContainerItemProxy */ = {
			isa = PBXContainerItemProxy;
			containerPortal = 16639C2527A732BD00EDECD2 /* Project object */;
			proxyType = 1;
			remoteGlobalIDString = 16639C2C27A732BD00EDECD2;
			remoteInfo = "codepath prework";
		};
/* End PBXContainerItemProxy section */

/* Begin PBXFileReference section */
		16639C2D27A732BD00EDECD2 /* codepath prework.app */ = {isa = PBXFileReference; explicitFileType = wrapper.application; includeInIndex = 0; path = "codepath prework.app"; sourceTree = BUILT_PRODUCTS_DIR; };
		16639C3027A732BD00EDECD2 /* AppDelegate.swift */ = {isa = PBXFileReference; lastKnownFileType = sourcecode.swift; path = AppDelegate.swift; sourceTree = "<group>"; };
		16639C3227A732BD00EDECD2 /* SceneDelegate.swift */ = {isa = PBXFileReference; lastKnownFileType = sourcecode.swift; path = SceneDelegate.swift; sourceTree = "<group>"; };
		16639C3427A732BD00EDECD2 /* ViewController.swift */ = {isa = PBXFileReference; lastKnownFileType = sourcecode.swift; path = ViewController.swift; sourceTree = "<group>"; };
		16639C3727A732BD00EDECD2 /* Base */ = {isa = PBXFileReference; lastKnownFileType = file.storyboard; name = Base; path = Base.lproj/Main.storyboard; sourceTree = "<group>"; };
		16639C3927A732BE00EDECD2 /* Assets.xcassets */ = {isa = PBXFileReference; lastKnownFileType = folder.assetcatalog; path = Assets.xcassets; sourceTree = "<group>"; };
		16639C3C27A732BE00EDECD2 /* Base */ = {isa = PBXFileReference; lastKnownFileType = file.storyboard; name = Base; path = Base.lproj/LaunchScreen.storyboard; sourceTree = "<group>"; };
		16639C3E27A732BE00EDECD2 /* Info.plist */ = {isa = PBXFileReference; lastKnownFileType = text.plist.xml; path = Info.plist; sourceTree = "<group>"; };
		16639C4327A732BE00EDECD2 /* codepath preworkTests.xctest */ = {isa = PBXFileReference; explicitFileType = wrapper.cfbundle; includeInIndex = 0; path = "codepath preworkTests.xctest"; sourceTree = BUILT_PRODUCTS_DIR; };
		16639C4727A732BE00EDECD2 /* codepath_preworkTests.swift */ = {isa = PBXFileReference; lastKnownFileType = sourcecode.swift; path = codepath_preworkTests.swift; sourceTree = "<group>"; };
		16639C4D27A732BE00EDECD2 /* codepath preworkUITests.xctest */ = {isa = PBXFileReference; explicitFileType = wrapper.cfbundle; includeInIndex = 0; path = "codepath preworkUITests.xctest"; sourceTree = BUILT_PRODUCTS_DIR; };
		16639C5127A732BE00EDECD2 /* codepath_preworkUITests.swift */ = {isa = PBXFileReference; lastKnownFileType = sourcecode.swift; path = codepath_preworkUITests.swift; sourceTree = "<group>"; };
		16639C5327A732BE00EDECD2 /* codepath_preworkUITestsLaunchTests.swift */ = {isa = PBXFileReference; lastKnownFileType = sourcecode.swift; path = codepath_preworkUITestsLaunchTests.swift; sourceTree = "<group>"; };
/* End PBXFileReference section */

/* Begin PBXFrameworksBuildPhase section */
		16639C2A27A732BD00EDECD2 /* Frameworks */ = {
			isa = PBXFrameworksBuildPhase;
			buildActionMask = 2147483647;
			files = (
			);
			runOnlyForDeploymentPostprocessing = 0;
		};
		16639C4027A732BE00EDECD2 /* Frameworks */ = {
			isa = PBXFrameworksBuildPhase;
			buildActionMask = 2147483647;
			files = (
			);
			runOnlyForDeploymentPostprocessing = 0;
		};
		16639C4A27A732BE00EDECD2 /* Frameworks */ = {
			isa = PBXFrameworksBuildPhase;
			buildActionMask = 2147483647;
			files = (
			);
			runOnlyForDeploymentPostprocessing = 0;
		};
/* End PBXFrameworksBuildPhase section */

/* Begin PBXGroup section */
		16639C2427A732BD00EDECD2 = {
			isa = PBXGroup;
			children = (
				16639C2F27A732BD00EDECD2 /* codepath prework */,
				16639C4627A732BE00EDECD2 /* codepath preworkTests */,
				16639C5027A732BE00EDECD2 /* codepath preworkUITests */,
				16639C2E27A732BD00EDECD2 /* Products */,
			);
			sourceTree = "<group>";
		};
		16639C2E27A732BD00EDECD2 /* Products */ = {
			isa = PBXGroup;
			children = (
				16639C2D27A732BD00EDECD2 /* codepath prework.app */,
				16639C4327A732BE00EDECD2 /* codepath preworkTests.xctest */,
				16639C4D27A732BE00EDECD2 /* codepath preworkUITests.xctest */,
			);
			name = Products;
			sourceTree = "<group>";
		};
		16639C2F27A732BD00EDECD2 /* codepath prework */ = {
			isa = PBXGroup;
			children = (
				16639C3027A732BD00EDECD2 /* AppDelegate.swift */,
				16639C3227A732BD00EDECD2 /* SceneDelegate.swift */,
				16639C3427A732BD00EDECD2 /* ViewController.swift */,
				16639C3627A732BD00EDECD2 /* Main.storyboard */,
				16639C3927A732BE00EDECD2 /* Assets.xcassets */,
				16639C3B27A732BE00EDECD2 /* LaunchScreen.storyboard */,
				16639C3E27A732BE00EDECD2 /* Info.plist */,
			);
			path = "codepath prework";
			sourceTree = "<group>";
		};
		16639C4627A732BE00EDECD2 /* codepath preworkTests */ = {
			isa = PBXGroup;
			children = (
				16639C4727A732BE00EDECD2 /* codepath_preworkTests.swift */,
			);
			path = "codepath preworkTests";
			sourceTree = "<group>";
		};
		16639C5027A732BE00EDECD2 /* codepath preworkUITests */ = {
			isa = PBXGroup;
			children = (
				16639C5127A732BE00EDECD2 /* codepath_preworkUITests.swift */,
				16639C5327A732BE00EDECD2 /* codepath_preworkUITestsLaunchTests.swift */,
			);
			path = "codepath preworkUITests";
			sourceTree = "<group>";
		};
/* End PBXGroup section */

/* Begin PBXNativeTarget section */
		16639C2C27A732BD00EDECD2 /* codepath prework */ = {
			isa = PBXNativeTarget;
			buildConfigurationList = 16639C5727A732BE00EDECD2 /* Build configuration list for PBXNativeTarget "codepath prework" */;
			buildPhases = (
				16639C2927A732BD00EDECD2 /* Sources */,
				16639C2A27A732BD00EDECD2 /* Frameworks */,
				16639C2B27A732BD00EDECD2 /* Resources */,
			);
			buildRules = (
			);
			dependencies = (
			);
			name = "codepath prework";
			productName = "codepath prework";
			productReference = 16639C2D27A732BD00EDECD2 /* codepath prework.app */;
			productType = "com.apple.product-type.application";
		};
		16639C4227A732BE00EDECD2 /* codepath preworkTests */ = {
			isa = PBXNativeTarget;
			buildConfigurationList = 16639C5A27A732BE00EDECD2 /* Build configuration list for PBXNativeTarget "codepath preworkTests" */;
			buildPhases = (
				16639C3F27A732BE00EDECD2 /* Sources */,
				16639C4027A732BE00EDECD2 /* Frameworks */,
				16639C4127A732BE00EDECD2 /* Resources */,
			);
			buildRules = (
			);
			dependencies = (
				16639C4527A732BE00EDECD2 /* PBXTargetDependency */,
			);
			name = "codepath preworkTests";
			productName = "codepath preworkTests";
			productReference = 16639C4327A732BE00EDECD2 /* codepath preworkTests.xctest */;
			productType = "com.apple.product-type.bundle.unit-test";
		};
		16639C4C27A732BE00EDECD2 /* codepath preworkUITests */ = {
			isa = PBXNativeTarget;
			buildConfigurationList = 16639C5D27A732BE00EDECD2 /* Build configuration list for PBXNativeTarget "codepath preworkUITests" */;
			buildPhases = (
				16639C4927A732BE00EDECD2 /* Sources */,
				16639C4A27A732BE00EDECD2 /* Frameworks */,
				16639C4B27A732BE00EDECD2 /* Resources */,
			);
			buildRules = (
			);
			dependencies = (
				16639C4F27A732BE00EDECD2 /* PBXTargetDependency */,
			);
			name = "codepath preworkUITests";
			productName = "codepath preworkUITests";
			productReference = 16639C4D27A732BE00EDECD2 /* codepath preworkUITests.xctest */;
			productType = "com.apple.product-type.bundle.ui-testing";
		};
/* End PBXNativeTarget section */

/* Begin PBXProject section */
		16639C2527A732BD00EDECD2 /* Project object */ = {
			isa = PBXProject;
			attributes = {
				BuildIndependentTargetsInParallel = 1;
				LastSwiftUpdateCheck = 1320;
				LastUpgradeCheck = 1320;
				TargetAttributes = {
					16639C2C27A732BD00EDECD2 = {
						CreatedOnToolsVersion = 13.2.1;
					};
					16639C4227A732BE00EDECD2 = {
						CreatedOnToolsVersion = 13.2.1;
						TestTargetID = 16639C2C27A732BD00EDECD2;
					};
					16639C4C27A732BE00EDECD2 = {
						CreatedOnToolsVersion = 13.2.1;
						TestTargetID = 16639C2C27A732BD00EDECD2;
					};
				};
			};
			buildConfigurationList = 16639C2827A732BD00EDECD2 /* Build configuration list for PBXProject "codepath prework" */;
			compatibilityVersion = "Xcode 13.0";
			developmentRegion = en;
			hasScannedForEncodings = 0;
			knownRegions = (
				en,
				Base,
			);
			mainGroup = 16639C2427A732BD00EDECD2;
			productRefGroup = 16639C2E27A732BD00EDECD2 /* Products */;
			projectDirPath = "";
			projectRoot = "";
			targets = (
				16639C2C27A732BD00EDECD2 /* codepath prework */,
				16639C4227A732BE00EDECD2 /* codepath preworkTests */,
				16639C4C27A732BE00EDECD2 /* codepath preworkUITests */,
			);
		};
/* End PBXProject section */

/* Begin PBXResourcesBuildPhase section */
		16639C2B27A732BD00EDECD2 /* Resources */ = {
			isa = PBXResourcesBuildPhase;
			buildActionMask = 2147483647;
			files = (
				16639C3D27A732BE00EDECD2 /* LaunchScreen.storyboard in Resources */,
				16639C3A27A732BE00EDECD2 /* Assets.xcassets in Resources */,
				16639C3827A732BD00EDECD2 /* Main.storyboard in Resources */,
			);
			runOnlyForDeploymentPostprocessing = 0;
		};
		16639C4127A732BE00EDECD2 /* Resources */ = {
			isa = PBXResourcesBuildPhase;
			buildActionMask = 2147483647;
			files = (
			);
			runOnlyForDeploymentPostprocessing = 0;
		};
		16639C4B27A732BE00EDECD2 /* Resources */ = {
			isa = PBXResourcesBuildPhase;
			buildActionMask = 2147483647;
			files = (
			);
			runOnlyForDeploymentPostprocessing = 0;
		};
/* End PBXResourcesBuildPhase section */

/* Begin PBXSourcesBuildPhase section */
		16639C2927A732BD00EDECD2 /* Sources */ = {
			isa = PBXSourcesBuildPhase;
			buildActionMask = 2147483647;
			files = (
				16639C3527A732BD00EDECD2 /* ViewController.swift in Sources */,
				16639C3127A732BD00EDECD2 /* AppDelegate.swift in Sources */,
				16639C3327A732BD00EDECD2 /* SceneDelegate.swift in Sources */,
			);
			runOnlyForDeploymentPostprocessing = 0;
		};
		16639C3F27A732BE00EDECD2 /* Sources */ = {
			isa = PBXSourcesBuildPhase;
			buildActionMask = 2147483647;
			files = (
				16639C4827A732BE00EDECD2 /* codepath_preworkTests.swift in Sources */,
			);
			runOnlyForDeploymentPostprocessing = 0;
		};
		16639C4927A732BE00EDECD2 /* Sources */ = {
			isa = PBXSourcesBuildPhase;
			buildActionMask = 2147483647;
			files = (
				16639C5227A732BE00EDECD2 /* codepath_preworkUITests.swift in Sources */,
				16639C5427A732BE00EDECD2 /* codepath_preworkUITestsLaunchTests.swift in Sources */,
			);
			runOnlyForDeploymentPostprocessing = 0;
		};
/* End PBXSourcesBuildPhase section */

/* Begin PBXTargetDependency section */
		16639C4527A732BE00EDECD2 /* PBXTargetDependency */ = {
			isa = PBXTargetDependency;
			target = 16639C2C27A732BD00EDECD2 /* codepath prework */;
			targetProxy = 16639C4427A732BE00EDECD2 /* PBXContainerItemProxy */;
		};
		16639C4F27A732BE00EDECD2 /* PBXTargetDependency */ = {
			isa = PBXTargetDependency;
			target = 16639C2C27A732BD00EDECD2 /* codepath prework */;
			targetProxy = 16639C4E27A732BE00EDECD2 /* PBXContainerItemProxy */;
		};
/* End PBXTargetDependency section */

/* Begin PBXVariantGroup section */
		16639C3627A732BD00EDECD2 /* Main.storyboard */ = {
			isa = PBXVariantGroup;
			children = (
				16639C3727A732BD00EDECD2 /* Base */,
			);
			name = Main.storyboard;
			sourceTree = "<group>";
		};
		16639C3B27A732BE00EDECD2 /* LaunchScreen.storyboard */ = {
			isa = PBXVariantGroup;
			children = (
				16639C3C27A732BE00EDECD2 /* Base */,
			);
			name = LaunchScreen.storyboard;
			sourceTree = "<group>";
		};
/* End PBXVariantGroup section */

/* Begin XCBuildConfiguration section */
		16639C5527A732BE00EDECD2 /* Debug */ = {
			isa = XCBuildConfiguration;
			buildSettings = {
				ALWAYS_SEARCH_USER_PATHS = NO;
				CLANG_ANALYZER_NONNULL = YES;
				CLANG_ANALYZER_NUMBER_OBJECT_CONVERSION = YES_AGGRESSIVE;
				CLANG_CXX_LANGUAGE_STANDARD = "gnu++17";
				CLANG_CXX_LIBRARY = "libc++";
				CLANG_ENABLE_MODULES = YES;
				CLANG_ENABLE_OBJC_ARC = YES;
				CLANG_ENABLE_OBJC_WEAK = YES;
				CLANG_WARN_BLOCK_CAPTURE_AUTORELEASING = YES;
				CLANG_WARN_BOOL_CONVERSION = YES;
				CLANG_WARN_COMMA = YES;
				CLANG_WARN_CONSTANT_CONVERSION = YES;
				CLANG_WARN_DEPRECATED_OBJC_IMPLEMENTATIONS = YES;
				CLANG_WARN_DIRECT_OBJC_ISA_USAGE = YES_ERROR;
				CLANG_WARN_DOCUMENTATION_COMMENTS = YES;
				CLANG_WARN_EMPTY_BODY = YES;
				CLANG_WARN_ENUM_CONVERSION = YES;
				CLANG_WARN_INFINITE_RECURSION = YES;
				CLANG_WARN_INT_CONVERSION = YES;
				CLANG_WARN_NON_LITERAL_NULL_CONVERSION = YES;
				CLANG_WARN_OBJC_IMPLICIT_RETAIN_SELF = YES;
				CLANG_WARN_OBJC_LITERAL_CONVERSION = YES;
				CLANG_WARN_OBJC_ROOT_CLASS = YES_ERROR;
				CLANG_WARN_QUOTED_INCLUDE_IN_FRAMEWORK_HEADER = YES;
				CLANG_WARN_RANGE_LOOP_ANALYSIS = YES;
				CLANG_WARN_STRICT_PROTOTYPES = YES;
				CLANG_WARN_SUSPICIOUS_MOVE = YES;
				CLANG_WARN_UNGUARDED_AVAILABILITY = YES_AGGRESSIVE;
				CLANG_WARN_UNREACHABLE_CODE = YES;
				CLANG_WARN__DUPLICATE_METHOD_MATCH = YES;
				COPY_PHASE_STRIP = NO;
				DEBUG_INFORMATION_FORMAT = dwarf;
				ENABLE_STRICT_OBJC_MSGSEND = YES;
				ENABLE_TESTABILITY = YES;
				GCC_C_LANGUAGE_STANDARD = gnu11;
				GCC_DYNAMIC_NO_PIC = NO;
				GCC_NO_COMMON_BLOCKS = YES;
				GCC_OPTIMIZATION_LEVEL = 0;
				GCC_PREPROCESSOR_DEFINITIONS = (
					"DEBUG=1",
					"$(inherited)",
				);
				GCC_WARN_64_TO_32_BIT_CONVERSION = YES;
				GCC_WARN_ABOUT_RETURN_TYPE = YES_ERROR;
				GCC_WARN_UNDECLARED_SELECTOR = YES;
				GCC_WARN_UNINITIALIZED_AUTOS = YES_AGGRESSIVE;
				GCC_WARN_UNUSED_FUNCTION = YES;
				GCC_WARN_UNUSED_VARIABLE = YES;
				IPHONEOS_DEPLOYMENT_TARGET = 15.2;
				MTL_ENABLE_DEBUG_INFO = INCLUDE_SOURCE;
				MTL_FAST_MATH = YES;
				ONLY_ACTIVE_ARCH = YES;
				SDKROOT = iphoneos;
				SWIFT_ACTIVE_COMPILATION_CONDITIONS = DEBUG;
				SWIFT_OPTIMIZATION_LEVEL = "-Onone";
			};
			name = Debug;
		};
		16639C5627A732BE00EDECD2 /* Release */ = {
			isa = XCBuildConfiguration;
			buildSettings = {
				ALWAYS_SEARCH_USER_PATHS = NO;
				CLANG_ANALYZER_NONNULL = YES;
				CLANG_ANALYZER_NUMBER_OBJECT_CONVERSION = YES_AGGRESSIVE;
				CLANG_CXX_LANGUAGE_STANDARD = "gnu++17";
				CLANG_CXX_LIBRARY = "libc++";
				CLANG_ENABLE_MODULES = YES;
				CLANG_ENABLE_OBJC_ARC = YES;
				CLANG_ENABLE_OBJC_WEAK = YES;
				CLANG_WARN_BLOCK_CAPTURE_AUTORELEASING = YES;
				CLANG_WARN_BOOL_CONVERSION = YES;
				CLANG_WARN_COMMA = YES;
				CLANG_WARN_CONSTANT_CONVERSION = YES;
				CLANG_WARN_DEPRECATED_OBJC_IMPLEMENTATIONS = YES;
				CLANG_WARN_DIRECT_OBJC_ISA_USAGE = YES_ERROR;
				CLANG_WARN_DOCUMENTATION_COMMENTS = YES;
				CLANG_WARN_EMPTY_BODY = YES;
				CLANG_WARN_ENUM_CONVERSION = YES;
				CLANG_WARN_INFINITE_RECURSION = YES;
				CLANG_WARN_INT_CONVERSION = YES;
				CLANG_WARN_NON_LITERAL_NULL_CONVERSION = YES;
				CLANG_WARN_OBJC_IMPLICIT_RETAIN_SELF = YES;
				CLANG_WARN_OBJC_LITERAL_CONVERSION = YES;
				CLANG_WARN_OBJC_ROOT_CLASS = YES_ERROR;
				CLANG_WARN_QUOTED_INCLUDE_IN_FRAMEWORK_HEADER = YES;
				CLANG_WARN_RANGE_LOOP_ANALYSIS = YES;
				CLANG_WARN_STRICT_PROTOTYPES = YES;
				CLANG_WARN_SUSPICIOUS_MOVE = YES;
				CLANG_WARN_UNGUARDED_AVAILABILITY = YES_AGGRESSIVE;
				CLANG_WARN_UNREACHABLE_CODE = YES;
				CLANG_WARN__DUPLICATE_METHOD_MATCH = YES;
				COPY_PHASE_STRIP = NO;
				DEBUG_INFORMATION_FORMAT = "dwarf-with-dsym";
				ENABLE_NS_ASSERTIONS = NO;
				ENABLE_STRICT_OBJC_MSGSEND = YES;
				GCC_C_LANGUAGE_STANDARD = gnu11;
				GCC_NO_COMMON_BLOCKS = YES;
				GCC_WARN_64_TO_32_BIT_CONVERSION = YES;
				GCC_WARN_ABOUT_RETURN_TYPE = YES_ERROR;
				GCC_WARN_UNDECLARED_SELECTOR = YES;
				GCC_WARN_UNINITIALIZED_AUTOS = YES_AGGRESSIVE;
				GCC_WARN_UNUSED_FUNCTION = YES;
				GCC_WARN_UNUSED_VARIABLE = YES;
				IPHONEOS_DEPLOYMENT_TARGET = 15.2;
				MTL_ENABLE_DEBUG_INFO = NO;
				MTL_FAST_MATH = YES;
				SDKROOT = iphoneos;
				SWIFT_COMPILATION_MODE = wholemodule;
				SWIFT_OPTIMIZATION_LEVEL = "-O";
				VALIDATE_PRODUCT = YES;
			};
			name = Release;
		};
		16639C5827A732BE00EDECD2 /* Debug */ = {
			isa = XCBuildConfiguration;
			buildSettings = {
				ASSETCATALOG_COMPILER_APPICON_NAME = AppIcon;
				ASSETCATALOG_COMPILER_GLOBAL_ACCENT_COLOR_NAME = AccentColor;
				CODE_SIGN_STYLE = Automatic;
				CURRENT_PROJECT_VERSION = 1;
				GENERATE_INFOPLIST_FILE = YES;
				INFOPLIST_FILE = "codepath prework/Info.plist";
				INFOPLIST_KEY_UIApplicationSupportsIndirectInputEvents = YES;
				INFOPLIST_KEY_UILaunchStoryboardName = LaunchScreen;
				INFOPLIST_KEY_UIMainStoryboardFile = Main;
				INFOPLIST_KEY_UISupportedInterfaceOrientations_iPad = "UIInterfaceOrientationPortrait UIInterfaceOrientationPortraitUpsideDown UIInterfaceOrientationLandscapeLeft UIInterfaceOrientationLandscapeRight";
				INFOPLIST_KEY_UISupportedInterfaceOrientations_iPhone = "UIInterfaceOrientationPortrait UIInterfaceOrientationLandscapeLeft UIInterfaceOrientationLandscapeRight";
				LD_RUNPATH_SEARCH_PATHS = (
					"$(inherited)",
					"@executable_path/Frameworks",
				);
				MARKETING_VERSION = 1.0;
				PRODUCT_BUNDLE_IDENTIFIER = "memo.com.codepath-prework";
				PRODUCT_NAME = "$(TARGET_NAME)";
				SWIFT_EMIT_LOC_STRINGS = YES;
				SWIFT_VERSION = 5.0;
				TARGETED_DEVICE_FAMILY = "1,2";
			};
			name = Debug;
		};
		16639C5927A732BE00EDECD2 /* Release */ = {
			isa = XCBuildConfiguration;
			buildSettings = {
				ASSETCATALOG_COMPILER_APPICON_NAME = AppIcon;
				ASSETCATALOG_COMPILER_GLOBAL_ACCENT_COLOR_NAME = AccentColor;
				CODE_SIGN_STYLE = Automatic;
				CURRENT_PROJECT_VERSION = 1;
				GENERATE_INFOPLIST_FILE = YES;
				INFOPLIST_FILE = "codepath prework/Info.plist";
				INFOPLIST_KEY_UIApplicationSupportsIndirectInputEvents = YES;
				INFOPLIST_KEY_UILaunchStoryboardName = LaunchScreen;
				INFOPLIST_KEY_UIMainStoryboardFile = Main;
				INFOPLIST_KEY_UISupportedInterfaceOrientations_iPad = "UIInterfaceOrientationPortrait UIInterfaceOrientationPortraitUpsideDown UIInterfaceOrientationLandscapeLeft UIInterfaceOrientationLandscapeRight";
				INFOPLIST_KEY_UISupportedInterfaceOrientations_iPhone = "UIInterfaceOrientationPortrait UIInterfaceOrientationLandscapeLeft UIInterfaceOrientationLandscapeRight";
				LD_RUNPATH_SEARCH_PATHS = (
					"$(inherited)",
					"@executable_path/Frameworks",
				);
				MARKETING_VERSION = 1.0;
				PRODUCT_BUNDLE_IDENTIFIER = "memo.com.codepath-prework";
				PRODUCT_NAME = "$(TARGET_NAME)";
				SWIFT_EMIT_LOC_STRINGS = YES;
				SWIFT_VERSION = 5.0;
				TARGETED_DEVICE_FAMILY = "1,2";
			};
			name = Release;
		};
		16639C5B27A732BE00EDECD2 /* Debug */ = {
			isa = XCBuildConfiguration;
			buildSettings = {
				ALWAYS_EMBED_SWIFT_STANDARD_LIBRARIES = YES;
				BUNDLE_LOADER = "$(TEST_HOST)";
				CODE_SIGN_STYLE = Automatic;
				CURRENT_PROJECT_VERSION = 1;
				GENERATE_INFOPLIST_FILE = YES;
				IPHONEOS_DEPLOYMENT_TARGET = 15.2;
				MARKETING_VERSION = 1.0;
				PRODUCT_BUNDLE_IDENTIFIER = "memo.com.codepath-preworkTests";
				PRODUCT_NAME = "$(TARGET_NAME)";
				SWIFT_EMIT_LOC_STRINGS = NO;
				SWIFT_VERSION = 5.0;
				TARGETED_DEVICE_FAMILY = "1,2";
				TEST_HOST = "$(BUILT_PRODUCTS_DIR)/codepath prework.app/codepath prework";
			};
			name = Debug;
		};
		16639C5C27A732BE00EDECD2 /* Release */ = {
			isa = XCBuildConfiguration;
			buildSettings = {
				ALWAYS_EMBED_SWIFT_STANDARD_LIBRARIES = YES;
				BUNDLE_LOADER = "$(TEST_HOST)";
				CODE_SIGN_STYLE = Automatic;
				CURRENT_PROJECT_VERSION = 1;
				GENERATE_INFOPLIST_FILE = YES;
				IPHONEOS_DEPLOYMENT_TARGET = 15.2;
				MARKETING_VERSION = 1.0;
				PRODUCT_BUNDLE_IDENTIFIER = "memo.com.codepath-preworkTests";
				PRODUCT_NAME = "$(TARGET_NAME)";
				SWIFT_EMIT_LOC_STRINGS = NO;
				SWIFT_VERSION = 5.0;
				TARGETED_DEVICE_FAMILY = "1,2";
				TEST_HOST = "$(BUILT_PRODUCTS_DIR)/codepath prework.app/codepath prework";
			};
			name = Release;
		};
		16639C5E27A732BE00EDECD2 /* Debug */ = {
			isa = XCBuildConfiguration;
			buildSettings = {
				ALWAYS_EMBED_SWIFT_STANDARD_LIBRARIES = YES;
				CODE_SIGN_STYLE = Automatic;
				CURRENT_PROJECT_VERSION = 1;
				GENERATE_INFOPLIST_FILE = YES;
				MARKETING_VERSION = 1.0;
				PRODUCT_BUNDLE_IDENTIFIER = "memo.com.codepath-preworkUITests";
				PRODUCT_NAME = "$(TARGET_NAME)";
				SWIFT_EMIT_LOC_STRINGS = NO;
				SWIFT_VERSION = 5.0;
				TARGETED_DEVICE_FAMILY = "1,2";
				TEST_TARGET_NAME = "codepath prework";
			};
			name = Debug;
		};
		16639C5F27A732BE00EDECD2 /* Release */ = {
			isa = XCBuildConfiguration;
			buildSettings = {
				ALWAYS_EMBED_SWIFT_STANDARD_LIBRARIES = YES;
				CODE_SIGN_STYLE = Automatic;
				CURRENT_PROJECT_VERSION = 1;
				GENERATE_INFOPLIST_FILE = YES;
				MARKETING_VERSION = 1.0;
				PRODUCT_BUNDLE_IDENTIFIER = "memo.com.codepath-preworkUITests";
				PRODUCT_NAME = "$(TARGET_NAME)";
				SWIFT_EMIT_LOC_STRINGS = NO;
				SWIFT_VERSION = 5.0;
				TARGETED_DEVICE_FAMILY = "1,2";
				TEST_TARGET_NAME = "codepath prework";
			};
			name = Release;
		};
/* End XCBuildConfiguration section */

/* Begin XCConfigurationList section */
		16639C2827A732BD00EDECD2 /* Build configuration list for PBXProject "codepath prework" */ = {
			isa = XCConfigurationList;
			buildConfigurations = (
				16639C5527A732BE00EDECD2 /* Debug */,
				16639C5627A732BE00EDECD2 /* Release */,
			);
			defaultConfigurationIsVisible = 0;
			defaultConfigurationName = Release;
		};
		16639C5727A732BE00EDECD2 /* Build configuration list for PBXNativeTarget "codepath prework" */ = {
			isa = XCConfigurationList;
			buildConfigurations = (
				16639C5827A732BE00EDECD2 /* Debug */,
				16639C5927A732BE00EDECD2 /* Release */,
			);
			defaultConfigurationIsVisible = 0;
			defaultConfigurationName = Release;
		};
		16639C5A27A732BE00EDECD2 /* Build configuration list for PBXNativeTarget "codepath preworkTests" */ = {
			isa = XCConfigurationList;
			buildConfigurations = (
				16639C5B27A732BE00EDECD2 /* Debug */,
				16639C5C27A732BE00EDECD2 /* Release */,
			);
			defaultConfigurationIsVisible = 0;
			defaultConfigurationName = Release;
		};
		16639C5D27A732BE00EDECD2 /* Build configuration list for PBXNativeTarget "codepath preworkUITests" */ = {
			isa = XCConfigurationList;
			buildConfigurations = (
				16639C5E27A732BE00EDECD2 /* Debug */,
				16639C5F27A732BE00EDECD2 /* Release */,
			);
			defaultConfigurationIsVisible = 0;
			defaultConfigurationName = Release;
		};
/* End XCConfigurationList section */
	};
	rootObject = 16639C2527A732BD00EDECD2 /* Project object */;
}
